
Microsoft Visual Studio Solution File, Format Version 12.00
# Visual Studio Version 16
VisualStudioVersion = 16.0.28803.452
MinimumVisualStudioVersion = 10.0.40219.1
Project("{FAE04EC0-301F-11D3-BF4B-00C04F79EFBC}") = "DT", "DT\DT.csproj", "{8E1A2C9F-68D2-4493-A26D-D23AAF21FD4C}"
EndProject
Global
	GlobalSection(SolutionConfigurationPlatforms) = preSolution
		Debug|Any CPU = Debug|Any CPU
		Release|Any CPU = Release|Any CPU
	EndGlobalSection
	GlobalSection(ProjectConfigurationPlatforms) = postSolution
		{8E1A2C9F-68D2-4493-A26D-D23AAF21FD4C}.Debug|Any CPU.ActiveCfg = Debug|Any CPU
		{8E1A2C9F-68D2-4493-A26D-D23AAF21FD4C}.Debug|Any CPU.Build.0 = Debug|Any CPU
		{8E1A2C9F-68D2-4493-A26D-D23AAF21FD4C}.Release|Any CPU.ActiveCfg = Release|Any CPU
		{8E1A2C9F-68D2-4493-A26D-D23AAF21FD4C}.Release|Any CPU.Build.0 = Release|Any CPU
	EndGlobalSection
	GlobalSection(SolutionProperties) = preSolution
		HideSolutionNode = FALSE
	EndGlobalSection
	GlobalSection(ExtensibilityGlobals) = postSolution
		SolutionGuid = {03BB5748-8C99-4A08-934E-C543F67F3EA9}
	EndGlobalSection
EndGlobal
